
Microsoft Visual Studio Solution File, Format Version 12.00
# Visual Studio Version 16
VisualStudioVersion = 16.0.31005.135
MinimumVisualStudioVersion = 10.0.40219.1
Project("{FAE04EC0-301F-11D3-BF4B-00C04F79EFBC}") = "KIT206-GUI", "KIT206-GUI.csproj", "{7884DE61-095C-4FAE-A51B-90CC25F982C9}"
EndProject
Global
	GlobalSection(SolutionConfigurationPlatforms) = preSolution
		Debug|Any CPU = Debug|Any CPU
		Release|Any CPU = Release|Any CPU
	EndGlobalSection
	GlobalSection(ProjectConfigurationPlatforms) = postSolution
		{7884DE61-095C-4FAE-A51B-90CC25F982C9}.Debug|Any CPU.ActiveCfg = Debug|Any CPU
		{7884DE61-095C-4FAE-A51B-90CC25F982C9}.Debug|Any CPU.Build.0 = Debug|Any CPU
		{7884DE61-095C-4FAE-A51B-90CC25F982C9}.Release|Any CPU.ActiveCfg = Release|Any CPU
		{7884DE61-095C-4FAE-A51B-90CC25F982C9}.Release|Any CPU.Build.0 = Release|Any CPU
	EndGlobalSection
	GlobalSection(SolutionProperties) = preSolution
		HideSolutionNode = FALSE
	EndGlobalSection
	GlobalSection(ExtensibilityGlobals) = postSolution
		SolutionGuid = {2B7B13B1-7150-45C9-80F6-EF7690D0C118}
	EndGlobalSection
EndGlobal
